Microsoft Visual Studio Solution File, Format Version 11.00
# Visual Studio 2008

Project("{9A819CB1-DEA0-1AF9-EB70-C3583683A6EF}") = "StoARUnity", "Assembly-CSharp-firstpass.csproj", "{9ACD7DFD-4F34-2AE0-079C-B86DEE596701}"
EndProject
Project("{9A819CB1-DEA0-1AF9-EB70-C3583683A6EF}") = "StoARUnity", "Assembly-CSharp-Editor.csproj", "{D746A3C5-B58A-FEA5-A558-AE1C31EF59C0}"
EndProject
Global
	GlobalSection(SolutionConfigurationPlatforms) = preSolution
		Debug|Any CPU = Debug|Any CPU
		Release|Any CPU = Release|Any CPU
	EndGlobalSection
	GlobalSection(ProjectConfigurationPlatforms) = postSolution
		{9ACD7DFD-4F34-2AE0-079C-B86DEE596701}.Debug|Any CPU.ActiveCfg = Debug|Any CPU
		{9ACD7DFD-4F34-2AE0-079C-B86DEE596701}.Debug|Any CPU.Build.0 = Debug|Any CPU
		{9ACD7DFD-4F34-2AE0-079C-B86DEE596701}.Release|Any CPU.ActiveCfg = Release|Any CPU
		{9ACD7DFD-4F34-2AE0-079C-B86DEE596701}.Release|Any CPU.Build.0 = Release|Any CPU
		{D746A3C5-B58A-FEA5-A558-AE1C31EF59C0}.Debug|Any CPU.ActiveCfg = Debug|Any CPU
		{D746A3C5-B58A-FEA5-A558-AE1C31EF59C0}.Debug|Any CPU.Build.0 = Debug|Any CPU
		{D746A3C5-B58A-FEA5-A558-AE1C31EF59C0}.Release|Any CPU.ActiveCfg = Release|Any CPU
		{D746A3C5-B58A-FEA5-A558-AE1C31EF59C0}.Release|Any CPU.Build.0 = Release|Any CPU
	EndGlobalSection
	GlobalSection(SolutionProperties) = preSolution
		HideSolutionNode = FALSE
	EndGlobalSection
	GlobalSection(MonoDevelopProperties) = preSolution
		StartupItem = Assembly-CSharp.csproj
	EndGlobalSection
EndGlobal
