Microsoft Visual Studio Solution File, Format Version 11.00
# Visual Studio 2008

Project("{BBD1862B-C7B2-423C-69B5-E8722C046838}") = "StoAR", "Assembly-CSharp-firstpass.csproj", "{D0B3FD09-51AC-CD64-D8A8-6901E5F8F3EE}"
EndProject
Project("{BBD1862B-C7B2-423C-69B5-E8722C046838}") = "StoAR", "Assembly-CSharp.csproj", "{D7DACB6E-6E21-3CFE-8BC2-48F39A04FCC8}"
EndProject
Project("{BBD1862B-C7B2-423C-69B5-E8722C046838}") = "StoAR", "Assembly-CSharp-Editor.csproj", "{08793AE1-68B1-EF93-D49C-29DE9D42268C}"
EndProject
Global
	GlobalSection(SolutionConfigurationPlatforms) = preSolution
		Debug|Any CPU = Debug|Any CPU
		Release|Any CPU = Release|Any CPU
	EndGlobalSection
	GlobalSection(ProjectConfigurationPlatforms) = postSolution
		{D0B3FD09-51AC-CD64-D8A8-6901E5F8F3EE}.Debug|Any CPU.ActiveCfg = Debug|Any CPU
		{D0B3FD09-51AC-CD64-D8A8-6901E5F8F3EE}.Debug|Any CPU.Build.0 = Debug|Any CPU
		{D0B3FD09-51AC-CD64-D8A8-6901E5F8F3EE}.Release|Any CPU.ActiveCfg = Release|Any CPU
		{D0B3FD09-51AC-CD64-D8A8-6901E5F8F3EE}.Release|Any CPU.Build.0 = Release|Any CPU
		{D7DACB6E-6E21-3CFE-8BC2-48F39A04FCC8}.Debug|Any CPU.ActiveCfg = Debug|Any CPU
		{D7DACB6E-6E21-3CFE-8BC2-48F39A04FCC8}.Debug|Any CPU.Build.0 = Debug|Any CPU
		{D7DACB6E-6E21-3CFE-8BC2-48F39A04FCC8}.Release|Any CPU.ActiveCfg = Release|Any CPU
		{D7DACB6E-6E21-3CFE-8BC2-48F39A04FCC8}.Release|Any CPU.Build.0 = Release|Any CPU
		{08793AE1-68B1-EF93-D49C-29DE9D42268C}.Debug|Any CPU.ActiveCfg = Debug|Any CPU
		{08793AE1-68B1-EF93-D49C-29DE9D42268C}.Debug|Any CPU.Build.0 = Debug|Any CPU
		{08793AE1-68B1-EF93-D49C-29DE9D42268C}.Release|Any CPU.ActiveCfg = Release|Any CPU
		{08793AE1-68B1-EF93-D49C-29DE9D42268C}.Release|Any CPU.Build.0 = Release|Any CPU
	EndGlobalSection
	GlobalSection(SolutionProperties) = preSolution
		HideSolutionNode = FALSE
	EndGlobalSection
	GlobalSection(MonoDevelopProperties) = preSolution
		StartupItem = Assembly-CSharp.csproj
	EndGlobalSection
EndGlobal
